// !$*UTF8*$!
{
	archiveVersion = 1;
	classes = {
	};
	objectVersion = 56;
	objects = {

/* Begin PBXBuildFile section */
		1895D6982935165D00D914AD /* AppDelegate.swift in Sources */ = {isa = PBXBuildFile; fileRef = 1895D6972935165D00D914AD /* AppDelegate.swift */; };
		1895D69A2935165D00D914AD /* SceneDelegate.swift in Sources */ = {isa = PBXBuildFile; fileRef = 1895D6992935165D00D914AD /* SceneDelegate.swift */; };
		1895D69F2935165D00D914AD /* Main.storyboard in Resources */ = {isa = PBXBuildFile; fileRef = 1895D69D2935165D00D914AD /* Main.storyboard */; };
		1895D6A12935165E00D914AD /* Assets.xcassets in Resources */ = {isa = PBXBuildFile; fileRef = 1895D6A02935165E00D914AD /* Assets.xcassets */; };
		1895D6A42935165E00D914AD /* LaunchScreen.storyboard in Resources */ = {isa = PBXBuildFile; fileRef = 1895D6A22935165E00D914AD /* LaunchScreen.storyboard */; };
		1895D6AC293517AA00D914AD /* HomeFurniture.swift in Sources */ = {isa = PBXBuildFile; fileRef = 1895D6AB293517AA00D914AD /* HomeFurniture.swift */; };
		1895D6AE293519C800D914AD /* FurnitureTableViewController.swift in Sources */ = {isa = PBXBuildFile; fileRef = 1895D6AD293519C800D914AD /* FurnitureTableViewController.swift */; };
		1895D6B029351A0D00D914AD /* FurnitureDataViewController.swift in Sources */ = {isa = PBXBuildFile; fileRef = 1895D6AF29351A0D00D914AD /* FurnitureDataViewController.swift */; };
		1895D6B42935220200D914AD /* Room.swift in Sources */ = {isa = PBXBuildFile; fileRef = 1895D6B32935220200D914AD /* Room.swift */; };
/* End PBXBuildFile section */

/* Begin PBXFileReference section */
		1895D6942935165D00D914AD /* Home Furniture sharing.app */ = {isa = PBXFileReference; explicitFileType = wrapper.application; includeInIndex = 0; path = "Home Furniture sharing.app"; sourceTree = BUILT_PRODUCTS_DIR; };
		1895D6972935165D00D914AD /* AppDelegate.swift */ = {isa = PBXFileReference; lastKnownFileType = sourcecode.swift; path = AppDelegate.swift; sourceTree = "<group>"; };
		1895D6992935165D00D914AD /* SceneDelegate.swift */ = {isa = PBXFileReference; lastKnownFileType = sourcecode.swift; path = SceneDelegate.swift; sourceTree = "<group>"; };
		1895D69E2935165D00D914AD /* Base */ = {isa = PBXFileReference; lastKnownFileType = file.storyboard; name = Base; path = Base.lproj/Main.storyboard; sourceTree = "<group>"; };
		1895D6A02935165E00D914AD /* Assets.xcassets */ = {isa = PBXFileReference; lastKnownFileType = folder.assetcatalog; path = Assets.xcassets; sourceTree = "<group>"; };
		1895D6A32935165E00D914AD /* Base */ = {isa = PBXFileReference; lastKnownFileType = file.storyboard; name = Base; path = Base.lproj/LaunchScreen.storyboard; sourceTree = "<group>"; };
		1895D6A52935165E00D914AD /* Info.plist */ = {isa = PBXFileReference; lastKnownFileType = text.plist.xml; path = Info.plist; sourceTree = "<group>"; };
		1895D6AB293517AA00D914AD /* HomeFurniture.swift */ = {isa = PBXFileReference; lastKnownFileType = sourcecode.swift; path = HomeFurniture.swift; sourceTree = "<group>"; };
		1895D6AD293519C800D914AD /* FurnitureTableViewController.swift */ = {isa = PBXFileReference; lastKnownFileType = sourcecode.swift; path = FurnitureTableViewController.swift; sourceTree = "<group>"; };
		1895D6AF29351A0D00D914AD /* FurnitureDataViewController.swift */ = {isa = PBXFileReference; lastKnownFileType = sourcecode.swift; path = FurnitureDataViewController.swift; sourceTree = "<group>"; };
		1895D6B32935220200D914AD /* Room.swift */ = {isa = PBXFileReference; lastKnownFileType = sourcecode.swift; path = Room.swift; sourceTree = "<group>"; };
/* End PBXFileReference section */

/* Begin PBXFrameworksBuildPhase section */
		1895D6912935165D00D914AD /* Frameworks */ = {
			isa = PBXFrameworksBuildPhase;
			buildActionMask = 2147483647;
			files = (
			);
			runOnlyForDeploymentPostprocessing = 0;
		};
/* End PBXFrameworksBuildPhase section */

/* Begin PBXGroup section */
		1895D68B2935165D00D914AD = {
			isa = PBXGroup;
			children = (
				1895D6962935165D00D914AD /* Home Furniture sharing */,
				1895D6952935165D00D914AD /* Products */,
			);
			sourceTree = "<group>";
		};
		1895D6952935165D00D914AD /* Products */ = {
			isa = PBXGroup;
			children = (
				1895D6942935165D00D914AD /* Home Furniture sharing.app */,
			);
			name = Products;
			sourceTree = "<group>";
		};
		1895D6962935165D00D914AD /* Home Furniture sharing */ = {
			isa = PBXGroup;
			children = (
				1895D6972935165D00D914AD /* AppDelegate.swift */,
				1895D6992935165D00D914AD /* SceneDelegate.swift */,
				1895D6B129351A1700D914AD /* Models */,
				1895D6B229351A2400D914AD /* VC */,
				1895D69D2935165D00D914AD /* Main.storyboard */,
				1895D6A22935165E00D914AD /* LaunchScreen.storyboard */,
				1895D6A02935165E00D914AD /* Assets.xcassets */,
				1895D6A52935165E00D914AD /* Info.plist */,
			);
			path = "Home Furniture sharing";
			sourceTree = "<group>";
		};
		1895D6B129351A1700D914AD /* Models */ = {
			isa = PBXGroup;
			children = (
				1895D6AB293517AA00D914AD /* HomeFurniture.swift */,
				1895D6B32935220200D914AD /* Room.swift */,
			);
			path = Models;
			sourceTree = "<group>";
		};
		1895D6B229351A2400D914AD /* VC */ = {
			isa = PBXGroup;
			children = (
				1895D6AF29351A0D00D914AD /* FurnitureDataViewController.swift */,
				1895D6AD293519C800D914AD /* FurnitureTableViewController.swift */,
			);
			path = VC;
			sourceTree = "<group>";
		};
/* End PBXGroup section */

/* Begin PBXNativeTarget section */
		1895D6932935165D00D914AD /* Home Furniture sharing */ = {
			isa = PBXNativeTarget;
			buildConfigurationList = 1895D6A82935165E00D914AD /* Build configuration list for PBXNativeTarget "Home Furniture sharing" */;
			buildPhases = (
				1895D6902935165D00D914AD /* Sources */,
				1895D6912935165D00D914AD /* Frameworks */,
				1895D6922935165D00D914AD /* Resources */,
			);
			buildRules = (
			);
			dependencies = (
			);
			name = "Home Furniture sharing";
			productName = "Home Furniture sharing";
			productReference = 1895D6942935165D00D914AD /* Home Furniture sharing.app */;
			productType = "com.apple.product-type.application";
		};
/* End PBXNativeTarget section */

/* Begin PBXProject section */
		1895D68C2935165D00D914AD /* Project object */ = {
			isa = PBXProject;
			attributes = {
				BuildIndependentTargetsInParallel = 1;
				LastSwiftUpdateCheck = 1410;
				LastUpgradeCheck = 1410;
				TargetAttributes = {
					1895D6932935165D00D914AD = {
						CreatedOnToolsVersion = 14.1;
					};
				};
			};
			buildConfigurationList = 1895D68F2935165D00D914AD /* Build configuration list for PBXProject "Home Furniture sharing" */;
			compatibilityVersion = "Xcode 14.0";
			developmentRegion = en;
			hasScannedForEncodings = 0;
			knownRegions = (
				en,
				Base,
			);
			mainGroup = 1895D68B2935165D00D914AD;
			productRefGroup = 1895D6952935165D00D914AD /* Products */;
			projectDirPath = "";
			projectRoot = "";
			targets = (
				1895D6932935165D00D914AD /* Home Furniture sharing */,
			);
		};
/* End PBXProject section */

/* Begin PBXResourcesBuildPhase section */
		1895D6922935165D00D914AD /* Resources */ = {
			isa = PBXResourcesBuildPhase;
			buildActionMask = 2147483647;
			files = (
				1895D6A42935165E00D914AD /* LaunchScreen.storyboard in Resources */,
				1895D6A12935165E00D914AD /* Assets.xcassets in Resources */,
				1895D69F2935165D00D914AD /* Main.storyboard in Resources */,
			);
			runOnlyForDeploymentPostprocessing = 0;
		};
/* End PBXResourcesBuildPhase section */

/* Begin PBXSourcesBuildPhase section */
		1895D6902935165D00D914AD /* Sources */ = {
			isa = PBXSourcesBuildPhase;
			buildActionMask = 2147483647;
			files = (
				1895D6B029351A0D00D914AD /* FurnitureDataViewController.swift in Sources */,
				1895D6982935165D00D914AD /* AppDelegate.swift in Sources */,
				1895D6B42935220200D914AD /* Room.swift in Sources */,
				1895D6AE293519C800D914AD /* FurnitureTableViewController.swift in Sources */,
				1895D69A2935165D00D914AD /* SceneDelegate.swift in Sources */,
				1895D6AC293517AA00D914AD /* HomeFurniture.swift in Sources */,
			);
			runOnlyForDeploymentPostprocessing = 0;
		};
/* End PBXSourcesBuildPhase section */

/* Begin PBXVariantGroup section */
		1895D69D2935165D00D914AD /* Main.storyboard */ = {
			isa = PBXVariantGroup;
			children = (
				1895D69E2935165D00D914AD /* Base */,
			);
			name = Main.storyboard;
			sourceTree = "<group>";
		};
		1895D6A22935165E00D914AD /* LaunchScreen.storyboard */ = {
			isa = PBXVariantGroup;
			children = (
				1895D6A32935165E00D914AD /* Base */,
			);
			name = LaunchScreen.storyboard;
			sourceTree = "<group>";
		};
/* End PBXVariantGroup section */

/* Begin XCBuildConfiguration section */
		1895D6A62935165E00D914AD /* Debug */ = {
			isa = XCBuildConfiguration;
			buildSettings = {
				ALWAYS_SEARCH_USER_PATHS = NO;
				CLANG_ANALYZER_NONNULL = YES;
				CLANG_ANALYZER_NUMBER_OBJECT_CONVERSION = YES_AGGRESSIVE;
				CLANG_CXX_LANGUAGE_STANDARD = "gnu++20";
				CLANG_ENABLE_MODULES = YES;
				CLANG_ENABLE_OBJC_ARC = YES;
				CLANG_ENABLE_OBJC_WEAK = YES;
				CLANG_WARN_BLOCK_CAPTURE_AUTORELEASING = YES;
				CLANG_WARN_BOOL_CONVERSION = YES;
				CLANG_WARN_COMMA = YES;
				CLANG_WARN_CONSTANT_CONVERSION = YES;
				CLANG_WARN_DEPRECATED_OBJC_IMPLEMENTATIONS = YES;
				CLANG_WARN_DIRECT_OBJC_ISA_USAGE = YES_ERROR;
				CLANG_WARN_DOCUMENTATION_COMMENTS = YES;
				CLANG_WARN_EMPTY_BODY = YES;
				CLANG_WARN_ENUM_CONVERSION = YES;
				CLANG_WARN_INFINITE_RECURSION = YES;
				CLANG_WARN_INT_CONVERSION = YES;
				CLANG_WARN_NON_LITERAL_NULL_CONVERSION = YES;
				CLANG_WARN_OBJC_IMPLICIT_RETAIN_SELF = YES;
				CLANG_WARN_OBJC_LITERAL_CONVERSION = YES;
				CLANG_WARN_OBJC_ROOT_CLASS = YES_ERROR;
				CLANG_WARN_QUOTED_INCLUDE_IN_FRAMEWORK_HEADER = YES;
				CLANG_WARN_RANGE_LOOP_ANALYSIS = YES;
				CLANG_WARN_STRICT_PROTOTYPES = YES;
				CLANG_WARN_SUSPICIOUS_MOVE = YES;
				CLANG_WARN_UNGUARDED_AVAILABILITY = YES_AGGRESSIVE;
				CLANG_WARN_UNREACHABLE_CODE = YES;
				CLANG_WARN__DUPLICATE_METHOD_MATCH = YES;
				COPY_PHASE_STRIP = NO;
				DEBUG_INFORMATION_FORMAT = dwarf;
				ENABLE_STRICT_OBJC_MSGSEND = YES;
				ENABLE_TESTABILITY = YES;
				GCC_C_LANGUAGE_STANDARD = gnu11;
				GCC_DYNAMIC_NO_PIC = NO;
				GCC_NO_COMMON_BLOCKS = YES;
				GCC_OPTIMIZATION_LEVEL = 0;
				GCC_PREPROCESSOR_DEFINITIONS = (
					"DEBUG=1",
					"$(inherited)",
				);
				GCC_WARN_64_TO_32_BIT_CONVERSION = YES;
				GCC_WARN_ABOUT_RETURN_TYPE = YES_ERROR;
				GCC_WARN_UNDECLARED_SELECTOR = YES;
				GCC_WARN_UNINITIALIZED_AUTOS = YES_AGGRESSIVE;
				GCC_WARN_UNUSED_FUNCTION = YES;
				GCC_WARN_UNUSED_VARIABLE = YES;
				IPHONEOS_DEPLOYMENT_TARGET = 16.1;
				MTL_ENABLE_DEBUG_INFO = INCLUDE_SOURCE;
				MTL_FAST_MATH = YES;
				ONLY_ACTIVE_ARCH = YES;
				SDKROOT = iphoneos;
				SWIFT_ACTIVE_COMPILATION_CONDITIONS = DEBUG;
				SWIFT_OPTIMIZATION_LEVEL = "-Onone";
			};
			name = Debug;
		};
		1895D6A72935165E00D914AD /* Release */ = {
			isa = XCBuildConfiguration;
			buildSettings = {
				ALWAYS_SEARCH_USER_PATHS = NO;
				CLANG_ANALYZER_NONNULL = YES;
				CLANG_ANALYZER_NUMBER_OBJECT_CONVERSION = YES_AGGRESSIVE;
				CLANG_CXX_LANGUAGE_STANDARD = "gnu++20";
				CLANG_ENABLE_MODULES = YES;
				CLANG_ENABLE_OBJC_ARC = YES;
				CLANG_ENABLE_OBJC_WEAK = YES;
				CLANG_WARN_BLOCK_CAPTURE_AUTORELEASING = YES;
				CLANG_WARN_BOOL_CONVERSION = YES;
				CLANG_WARN_COMMA = YES;
				CLANG_WARN_CONSTANT_CONVERSION = YES;
				CLANG_WARN_DEPRECATED_OBJC_IMPLEMENTATIONS = YES;
				CLANG_WARN_DIRECT_OBJC_ISA_USAGE = YES_ERROR;
				CLANG_WARN_DOCUMENTATION_COMMENTS = YES;
				CLANG_WARN_EMPTY_BODY = YES;
				CLANG_WARN_ENUM_CONVERSION = YES;
				CLANG_WARN_INFINITE_RECURSION = YES;
				CLANG_WARN_INT_CONVERSION = YES;
				CLANG_WARN_NON_LITERAL_NULL_CONVERSION = YES;
				CLANG_WARN_OBJC_IMPLICIT_RETAIN_SELF = YES;
				CLANG_WARN_OBJC_LITERAL_CONVERSION = YES;
				CLANG_WARN_OBJC_ROOT_CLASS = YES_ERROR;
				CLANG_WARN_QUOTED_INCLUDE_IN_FRAMEWORK_HEADER = YES;
				CLANG_WARN_RANGE_LOOP_ANALYSIS = YES;
				CLANG_WARN_STRICT_PROTOTYPES = YES;
				CLANG_WARN_SUSPICIOUS_MOVE = YES;
				CLANG_WARN_UNGUARDED_AVAILABILITY = YES_AGGRESSIVE;
				CLANG_WARN_UNREACHABLE_CODE = YES;
				CLANG_WARN__DUPLICATE_METHOD_MATCH = YES;
				COPY_PHASE_STRIP = NO;
				DEBUG_INFORMATION_FORMAT = "dwarf-with-dsym";
				ENABLE_NS_ASSERTIONS = NO;
				ENABLE_STRICT_OBJC_MSGSEND = YES;
				GCC_C_LANGUAGE_STANDARD = gnu11;
				GCC_NO_COMMON_BLOCKS = YES;
				GCC_WARN_64_TO_32_BIT_CONVERSION = YES;
				GCC_WARN_ABOUT_RETURN_TYPE = YES_ERROR;
				GCC_WARN_UNDECLARED_SELECTOR = YES;
				GCC_WARN_UNINITIALIZED_AUTOS = YES_AGGRESSIVE;
				GCC_WARN_UNUSED_FUNCTION = YES;
				GCC_WARN_UNUSED_VARIABLE = YES;
				IPHONEOS_DEPLOYMENT_TARGET = 16.1;
				MTL_ENABLE_DEBUG_INFO = NO;
				MTL_FAST_MATH = YES;
				SDKROOT = iphoneos;
				SWIFT_COMPILATION_MODE = wholemodule;
				SWIFT_OPTIMIZATION_LEVEL = "-O";
				VALIDATE_PRODUCT = YES;
			};
			name = Release;
		};
		1895D6A92935165E00D914AD /* Debug */ = {
			isa = XCBuildConfiguration;
			buildSettings = {
				ASSETCATALOG_COMPILER_APPICON_NAME = AppIcon;
				ASSETCATALOG_COMPILER_GLOBAL_ACCENT_COLOR_NAME = AccentColor;
				CODE_SIGN_STYLE = Automatic;
				CURRENT_PROJECT_VERSION = 1;
				DEVELOPMENT_TEAM = 9ZFQ37XS3D;
				GENERATE_INFOPLIST_FILE = YES;
				INFOPLIST_FILE = "Home Furniture sharing/Info.plist";
				INFOPLIST_KEY_UIApplicationSupportsIndirectInputEvents = YES;
				INFOPLIST_KEY_UILaunchStoryboardName = LaunchScreen;
				INFOPLIST_KEY_UIMainStoryboardFile = Main;
				INFOPLIST_KEY_UISupportedInterfaceOrientations_iPad = "UIInterfaceOrientationPortrait UIInterfaceOrientationPortraitUpsideDown UIInterfaceOrientationLandscapeLeft UIInterfaceOrientationLandscapeRight";
				INFOPLIST_KEY_UISupportedInterfaceOrientations_iPhone = "UIInterfaceOrientationPortrait UIInterfaceOrientationLandscapeLeft UIInterfaceOrientationLandscapeRight";
				LD_RUNPATH_SEARCH_PATHS = (
					"$(inherited)",
					"@executable_path/Frameworks",
				);
				MARKETING_VERSION = 1.0;
				PRODUCT_BUNDLE_IDENTIFIER = "Practice.Home-Furniture-sharing";
				PRODUCT_NAME = "$(TARGET_NAME)";
				SWIFT_EMIT_LOC_STRINGS = YES;
				SWIFT_VERSION = 5.0;
				TARGETED_DEVICE_FAMILY = "1,2";
			};
			name = Debug;
		};
		1895D6AA2935165E00D914AD /* Release */ = {
			isa = XCBuildConfiguration;
			buildSettings = {
				ASSETCATALOG_COMPILER_APPICON_NAME = AppIcon;
				ASSETCATALOG_COMPILER_GLOBAL_ACCENT_COLOR_NAME = AccentColor;
				CODE_SIGN_STYLE = Automatic;
				CURRENT_PROJECT_VERSION = 1;
				DEVELOPMENT_TEAM = 9ZFQ37XS3D;
				GENERATE_INFOPLIST_FILE = YES;
				INFOPLIST_FILE = "Home Furniture sharing/Info.plist";
				INFOPLIST_KEY_UIApplicationSupportsIndirectInputEvents = YES;
				INFOPLIST_KEY_UILaunchStoryboardName = LaunchScreen;
				INFOPLIST_KEY_UIMainStoryboardFile = Main;
				INFOPLIST_KEY_UISupportedInterfaceOrientations_iPad = "UIInterfaceOrientationPortrait UIInterfaceOrientationPortraitUpsideDown UIInterfaceOrientationLandscapeLeft UIInterfaceOrientationLandscapeRight";
				INFOPLIST_KEY_UISupportedInterfaceOrientations_iPhone = "UIInterfaceOrientationPortrait UIInterfaceOrientationLandscapeLeft UIInterfaceOrientationLandscapeRight";
				LD_RUNPATH_SEARCH_PATHS = (
					"$(inherited)",
					"@executable_path/Frameworks",
				);
				MARKETING_VERSION = 1.0;
				PRODUCT_BUNDLE_IDENTIFIER = "Practice.Home-Furniture-sharing";
				PRODUCT_NAME = "$(TARGET_NAME)";
				SWIFT_EMIT_LOC_STRINGS = YES;
				SWIFT_VERSION = 5.0;
				TARGETED_DEVICE_FAMILY = "1,2";
			};
			name = Release;
		};
/* End XCBuildConfiguration section */

/* Begin XCConfigurationList section */
		1895D68F2935165D00D914AD /* Build configuration list for PBXProject "Home Furniture sharing" */ = {
			isa = XCConfigurationList;
			buildConfigurations = (
				1895D6A62935165E00D914AD /* Debug */,
				1895D6A72935165E00D914AD /* Release */,
			);
			defaultConfigurationIsVisible = 0;
			defaultConfigurationName = Release;
		};
		1895D6A82935165E00D914AD /* Build configuration list for PBXNativeTarget "Home Furniture sharing" */ = {
			isa = XCConfigurationList;
			buildConfigurations = (
				1895D6A92935165E00D914AD /* Debug */,
				1895D6AA2935165E00D914AD /* Release */,
			);
			defaultConfigurationIsVisible = 0;
			defaultConfigurationName = Release;
		};
/* End XCConfigurationList section */
	};
	rootObject = 1895D68C2935165D00D914AD /* Project object */;
}
