// !$*UTF8*$!
{
	archiveVersion = 1;
	classes = {
	};
	objectVersion = 56;
	objects = {

/* Begin PBXBuildFile section */
		1801CF662940C7EC007F257B /* AppDelegate.swift in Sources */ = {isa = PBXBuildFile; fileRef = 1801CF652940C7EC007F257B /* AppDelegate.swift */; };
		1801CF682940C7EC007F257B /* SceneDelegate.swift in Sources */ = {isa = PBXBuildFile; fileRef = 1801CF672940C7EC007F257B /* SceneDelegate.swift */; };
		1801CF6D2940C7EC007F257B /* Main.storyboard in Resources */ = {isa = PBXBuildFile; fileRef = 1801CF6B2940C7EC007F257B /* Main.storyboard */; };
		1801CF6F2940C7ED007F257B /* Assets.xcassets in Resources */ = {isa = PBXBuildFile; fileRef = 1801CF6E2940C7ED007F257B /* Assets.xcassets */; };
		1801CF722940C7ED007F257B /* LaunchScreen.storyboard in Resources */ = {isa = PBXBuildFile; fileRef = 1801CF702940C7ED007F257B /* LaunchScreen.storyboard */; };
		1801CF7A2940C986007F257B /* Registration.swift in Sources */ = {isa = PBXBuildFile; fileRef = 1801CF792940C986007F257B /* Registration.swift */; };
		1801CF7C2940C999007F257B /* RoomType.swift in Sources */ = {isa = PBXBuildFile; fileRef = 1801CF7B2940C999007F257B /* RoomType.swift */; };
		1801CF7F2940CE8D007F257B /* AddRegistrationTableViewController.swift in Sources */ = {isa = PBXBuildFile; fileRef = 1801CF7E2940CE8D007F257B /* AddRegistrationTableViewController.swift */; };
		1801CF822940FFE4007F257B /* SelectRoomTypeTableViewController.swift in Sources */ = {isa = PBXBuildFile; fileRef = 1801CF812940FFE4007F257B /* SelectRoomTypeTableViewController.swift */; };
		1801CF84294207B1007F257B /* RegistrationTableViewController.swift in Sources */ = {isa = PBXBuildFile; fileRef = 1801CF83294207B1007F257B /* RegistrationTableViewController.swift */; };
/* End PBXBuildFile section */

/* Begin PBXFileReference section */
		1801CF622940C7EC007F257B /* Hotel Mazana.app */ = {isa = PBXFileReference; explicitFileType = wrapper.application; includeInIndex = 0; path = "Hotel Mazana.app"; sourceTree = BUILT_PRODUCTS_DIR; };
		1801CF652940C7EC007F257B /* AppDelegate.swift */ = {isa = PBXFileReference; lastKnownFileType = sourcecode.swift; path = AppDelegate.swift; sourceTree = "<group>"; };
		1801CF672940C7EC007F257B /* SceneDelegate.swift */ = {isa = PBXFileReference; lastKnownFileType = sourcecode.swift; path = SceneDelegate.swift; sourceTree = "<group>"; };
		1801CF6C2940C7EC007F257B /* Base */ = {isa = PBXFileReference; lastKnownFileType = file.storyboard; name = Base; path = Base.lproj/Main.storyboard; sourceTree = "<group>"; };
		1801CF6E2940C7ED007F257B /* Assets.xcassets */ = {isa = PBXFileReference; lastKnownFileType = folder.assetcatalog; path = Assets.xcassets; sourceTree = "<group>"; };
		1801CF712940C7ED007F257B /* Base */ = {isa = PBXFileReference; lastKnownFileType = file.storyboard; name = Base; path = Base.lproj/LaunchScreen.storyboard; sourceTree = "<group>"; };
		1801CF732940C7ED007F257B /* Info.plist */ = {isa = PBXFileReference; lastKnownFileType = text.plist.xml; path = Info.plist; sourceTree = "<group>"; };
		1801CF792940C986007F257B /* Registration.swift */ = {isa = PBXFileReference; lastKnownFileType = sourcecode.swift; path = Registration.swift; sourceTree = "<group>"; };
		1801CF7B2940C999007F257B /* RoomType.swift */ = {isa = PBXFileReference; lastKnownFileType = sourcecode.swift; path = RoomType.swift; sourceTree = "<group>"; };
		1801CF7E2940CE8D007F257B /* AddRegistrationTableViewController.swift */ = {isa = PBXFileReference; lastKnownFileType = sourcecode.swift; path = AddRegistrationTableViewController.swift; sourceTree = "<group>"; };
		1801CF812940FFE4007F257B /* SelectRoomTypeTableViewController.swift */ = {isa = PBXFileReference; lastKnownFileType = sourcecode.swift; name = SelectRoomTypeTableViewController.swift; path = "Hotel Mazana/VC/SelectRoomTypeTableViewController.swift"; sourceTree = SOURCE_ROOT; };
		1801CF83294207B1007F257B /* RegistrationTableViewController.swift */ = {isa = PBXFileReference; lastKnownFileType = sourcecode.swift; path = RegistrationTableViewController.swift; sourceTree = "<group>"; };
/* End PBXFileReference section */

/* Begin PBXFrameworksBuildPhase section */
		1801CF5F2940C7EC007F257B /* Frameworks */ = {
			isa = PBXFrameworksBuildPhase;
			buildActionMask = 2147483647;
			files = (
			);
			runOnlyForDeploymentPostprocessing = 0;
		};
/* End PBXFrameworksBuildPhase section */

/* Begin PBXGroup section */
		1801CF592940C7EC007F257B = {
			isa = PBXGroup;
			children = (
				1801CF642940C7EC007F257B /* Hotel Mazana */,
				1801CF632940C7EC007F257B /* Products */,
			);
			sourceTree = "<group>";
		};
		1801CF632940C7EC007F257B /* Products */ = {
			isa = PBXGroup;
			children = (
				1801CF622940C7EC007F257B /* Hotel Mazana.app */,
			);
			name = Products;
			sourceTree = "<group>";
		};
		1801CF642940C7EC007F257B /* Hotel Mazana */ = {
			isa = PBXGroup;
			children = (
				1801CF652940C7EC007F257B /* AppDelegate.swift */,
				1801CF672940C7EC007F257B /* SceneDelegate.swift */,
				1801CF7D2940C9B5007F257B /* Models */,
				1801CF802940CE97007F257B /* VC */,
				1801CF6B2940C7EC007F257B /* Main.storyboard */,
				1801CF702940C7ED007F257B /* LaunchScreen.storyboard */,
				1801CF6E2940C7ED007F257B /* Assets.xcassets */,
				1801CF732940C7ED007F257B /* Info.plist */,
			);
			path = "Hotel Mazana";
			sourceTree = "<group>";
		};
		1801CF7D2940C9B5007F257B /* Models */ = {
			isa = PBXGroup;
			children = (
				1801CF792940C986007F257B /* Registration.swift */,
				1801CF7B2940C999007F257B /* RoomType.swift */,
			);
			path = Models;
			sourceTree = "<group>";
		};
		1801CF802940CE97007F257B /* VC */ = {
			isa = PBXGroup;
			children = (
				1801CF83294207B1007F257B /* RegistrationTableViewController.swift */,
				1801CF7E2940CE8D007F257B /* AddRegistrationTableViewController.swift */,
				1801CF812940FFE4007F257B /* SelectRoomTypeTableViewController.swift */,
			);
			path = VC;
			sourceTree = "<group>";
		};
/* End PBXGroup section */

/* Begin PBXNativeTarget section */
		1801CF612940C7EC007F257B /* Hotel Mazana */ = {
			isa = PBXNativeTarget;
			buildConfigurationList = 1801CF762940C7ED007F257B /* Build configuration list for PBXNativeTarget "Hotel Mazana" */;
			buildPhases = (
				1801CF5E2940C7EC007F257B /* Sources */,
				1801CF5F2940C7EC007F257B /* Frameworks */,
				1801CF602940C7EC007F257B /* Resources */,
			);
			buildRules = (
			);
			dependencies = (
			);
			name = "Hotel Mazana";
			productName = "Hotel Mazana";
			productReference = 1801CF622940C7EC007F257B /* Hotel Mazana.app */;
			productType = "com.apple.product-type.application";
		};
/* End PBXNativeTarget section */

/* Begin PBXProject section */
		1801CF5A2940C7EC007F257B /* Project object */ = {
			isa = PBXProject;
			attributes = {
				BuildIndependentTargetsInParallel = 1;
				LastSwiftUpdateCheck = 1410;
				LastUpgradeCheck = 1410;
				TargetAttributes = {
					1801CF612940C7EC007F257B = {
						CreatedOnToolsVersion = 14.1;
					};
				};
			};
			buildConfigurationList = 1801CF5D2940C7EC007F257B /* Build configuration list for PBXProject "Hotel Mazana" */;
			compatibilityVersion = "Xcode 14.0";
			developmentRegion = en;
			hasScannedForEncodings = 0;
			knownRegions = (
				en,
				Base,
			);
			mainGroup = 1801CF592940C7EC007F257B;
			productRefGroup = 1801CF632940C7EC007F257B /* Products */;
			projectDirPath = "";
			projectRoot = "";
			targets = (
				1801CF612940C7EC007F257B /* Hotel Mazana */,
			);
		};
/* End PBXProject section */

/* Begin PBXResourcesBuildPhase section */
		1801CF602940C7EC007F257B /* Resources */ = {
			isa = PBXResourcesBuildPhase;
			buildActionMask = 2147483647;
			files = (
				1801CF722940C7ED007F257B /* LaunchScreen.storyboard in Resources */,
				1801CF6F2940C7ED007F257B /* Assets.xcassets in Resources */,
				1801CF6D2940C7EC007F257B /* Main.storyboard in Resources */,
			);
			runOnlyForDeploymentPostprocessing = 0;
		};
/* End PBXResourcesBuildPhase section */

/* Begin PBXSourcesBuildPhase section */
		1801CF5E2940C7EC007F257B /* Sources */ = {
			isa = PBXSourcesBuildPhase;
			buildActionMask = 2147483647;
			files = (
				1801CF822940FFE4007F257B /* SelectRoomTypeTableViewController.swift in Sources */,
				1801CF7C2940C999007F257B /* RoomType.swift in Sources */,
				1801CF7F2940CE8D007F257B /* AddRegistrationTableViewController.swift in Sources */,
				1801CF662940C7EC007F257B /* AppDelegate.swift in Sources */,
				1801CF7A2940C986007F257B /* Registration.swift in Sources */,
				1801CF682940C7EC007F257B /* SceneDelegate.swift in Sources */,
				1801CF84294207B1007F257B /* RegistrationTableViewController.swift in Sources */,
			);
			runOnlyForDeploymentPostprocessing = 0;
		};
/* End PBXSourcesBuildPhase section */

/* Begin PBXVariantGroup section */
		1801CF6B2940C7EC007F257B /* Main.storyboard */ = {
			isa = PBXVariantGroup;
			children = (
				1801CF6C2940C7EC007F257B /* Base */,
			);
			name = Main.storyboard;
			sourceTree = "<group>";
		};
		1801CF702940C7ED007F257B /* LaunchScreen.storyboard */ = {
			isa = PBXVariantGroup;
			children = (
				1801CF712940C7ED007F257B /* Base */,
			);
			name = LaunchScreen.storyboard;
			sourceTree = "<group>";
		};
/* End PBXVariantGroup section */

/* Begin XCBuildConfiguration section */
		1801CF742940C7ED007F257B /* Debug */ = {
			isa = XCBuildConfiguration;
			buildSettings = {
				ALWAYS_SEARCH_USER_PATHS = NO;
				CLANG_ANALYZER_NONNULL = YES;
				CLANG_ANALYZER_NUMBER_OBJECT_CONVERSION = YES_AGGRESSIVE;
				CLANG_CXX_LANGUAGE_STANDARD = "gnu++20";
				CLANG_ENABLE_MODULES = YES;
				CLANG_ENABLE_OBJC_ARC = YES;
				CLANG_ENABLE_OBJC_WEAK = YES;
				CLANG_WARN_BLOCK_CAPTURE_AUTORELEASING = YES;
				CLANG_WARN_BOOL_CONVERSION = YES;
				CLANG_WARN_COMMA = YES;
				CLANG_WARN_CONSTANT_CONVERSION = YES;
				CLANG_WARN_DEPRECATED_OBJC_IMPLEMENTATIONS = YES;
				CLANG_WARN_DIRECT_OBJC_ISA_USAGE = YES_ERROR;
				CLANG_WARN_DOCUMENTATION_COMMENTS = YES;
				CLANG_WARN_EMPTY_BODY = YES;
				CLANG_WARN_ENUM_CONVERSION = YES;
				CLANG_WARN_INFINITE_RECURSION = YES;
				CLANG_WARN_INT_CONVERSION = YES;
				CLANG_WARN_NON_LITERAL_NULL_CONVERSION = YES;
				CLANG_WARN_OBJC_IMPLICIT_RETAIN_SELF = YES;
				CLANG_WARN_OBJC_LITERAL_CONVERSION = YES;
				CLANG_WARN_OBJC_ROOT_CLASS = YES_ERROR;
				CLANG_WARN_QUOTED_INCLUDE_IN_FRAMEWORK_HEADER = YES;
				CLANG_WARN_RANGE_LOOP_ANALYSIS = YES;
				CLANG_WARN_STRICT_PROTOTYPES = YES;
				CLANG_WARN_SUSPICIOUS_MOVE = YES;
				CLANG_WARN_UNGUARDED_AVAILABILITY = YES_AGGRESSIVE;
				CLANG_WARN_UNREACHABLE_CODE = YES;
				CLANG_WARN__DUPLICATE_METHOD_MATCH = YES;
				COPY_PHASE_STRIP = NO;
				DEBUG_INFORMATION_FORMAT = dwarf;
				ENABLE_STRICT_OBJC_MSGSEND = YES;
				ENABLE_TESTABILITY = YES;
				GCC_C_LANGUAGE_STANDARD = gnu11;
				GCC_DYNAMIC_NO_PIC = NO;
				GCC_NO_COMMON_BLOCKS = YES;
				GCC_OPTIMIZATION_LEVEL = 0;
				GCC_PREPROCESSOR_DEFINITIONS = (
					"DEBUG=1",
					"$(inherited)",
				);
				GCC_WARN_64_TO_32_BIT_CONVERSION = YES;
				GCC_WARN_ABOUT_RETURN_TYPE = YES_ERROR;
				GCC_WARN_UNDECLARED_SELECTOR = YES;
				GCC_WARN_UNINITIALIZED_AUTOS = YES_AGGRESSIVE;
				GCC_WARN_UNUSED_FUNCTION = YES;
				GCC_WARN_UNUSED_VARIABLE = YES;
				IPHONEOS_DEPLOYMENT_TARGET = 16.1;
				MTL_ENABLE_DEBUG_INFO = INCLUDE_SOURCE;
				MTL_FAST_MATH = YES;
				ONLY_ACTIVE_ARCH = YES;
				SDKROOT = iphoneos;
				SWIFT_ACTIVE_COMPILATION_CONDITIONS = DEBUG;
				SWIFT_OPTIMIZATION_LEVEL = "-Onone";
			};
			name = Debug;
		};
		1801CF752940C7ED007F257B /* Release */ = {
			isa = XCBuildConfiguration;
			buildSettings = {
				ALWAYS_SEARCH_USER_PATHS = NO;
				CLANG_ANALYZER_NONNULL = YES;
				CLANG_ANALYZER_NUMBER_OBJECT_CONVERSION = YES_AGGRESSIVE;
				CLANG_CXX_LANGUAGE_STANDARD = "gnu++20";
				CLANG_ENABLE_MODULES = YES;
				CLANG_ENABLE_OBJC_ARC = YES;
				CLANG_ENABLE_OBJC_WEAK = YES;
				CLANG_WARN_BLOCK_CAPTURE_AUTORELEASING = YES;
				CLANG_WARN_BOOL_CONVERSION = YES;
				CLANG_WARN_COMMA = YES;
				CLANG_WARN_CONSTANT_CONVERSION = YES;
				CLANG_WARN_DEPRECATED_OBJC_IMPLEMENTATIONS = YES;
				CLANG_WARN_DIRECT_OBJC_ISA_USAGE = YES_ERROR;
				CLANG_WARN_DOCUMENTATION_COMMENTS = YES;
				CLANG_WARN_EMPTY_BODY = YES;
				CLANG_WARN_ENUM_CONVERSION = YES;
				CLANG_WARN_INFINITE_RECURSION = YES;
				CLANG_WARN_INT_CONVERSION = YES;
				CLANG_WARN_NON_LITERAL_NULL_CONVERSION = YES;
				CLANG_WARN_OBJC_IMPLICIT_RETAIN_SELF = YES;
				CLANG_WARN_OBJC_LITERAL_CONVERSION = YES;
				CLANG_WARN_OBJC_ROOT_CLASS = YES_ERROR;
				CLANG_WARN_QUOTED_INCLUDE_IN_FRAMEWORK_HEADER = YES;
				CLANG_WARN_RANGE_LOOP_ANALYSIS = YES;
				CLANG_WARN_STRICT_PROTOTYPES = YES;
				CLANG_WARN_SUSPICIOUS_MOVE = YES;
				CLANG_WARN_UNGUARDED_AVAILABILITY = YES_AGGRESSIVE;
				CLANG_WARN_UNREACHABLE_CODE = YES;
				CLANG_WARN__DUPLICATE_METHOD_MATCH = YES;
				COPY_PHASE_STRIP = NO;
				DEBUG_INFORMATION_FORMAT = "dwarf-with-dsym";
				ENABLE_NS_ASSERTIONS = NO;
				ENABLE_STRICT_OBJC_MSGSEND = YES;
				GCC_C_LANGUAGE_STANDARD = gnu11;
				GCC_NO_COMMON_BLOCKS = YES;
				GCC_WARN_64_TO_32_BIT_CONVERSION = YES;
				GCC_WARN_ABOUT_RETURN_TYPE = YES_ERROR;
				GCC_WARN_UNDECLARED_SELECTOR = YES;
				GCC_WARN_UNINITIALIZED_AUTOS = YES_AGGRESSIVE;
				GCC_WARN_UNUSED_FUNCTION = YES;
				GCC_WARN_UNUSED_VARIABLE = YES;
				IPHONEOS_DEPLOYMENT_TARGET = 16.1;
				MTL_ENABLE_DEBUG_INFO = NO;
				MTL_FAST_MATH = YES;
				SDKROOT = iphoneos;
				SWIFT_COMPILATION_MODE = wholemodule;
				SWIFT_OPTIMIZATION_LEVEL = "-O";
				VALIDATE_PRODUCT = YES;
			};
			name = Release;
		};
		1801CF772940C7ED007F257B /* Debug */ = {
			isa = XCBuildConfiguration;
			buildSettings = {
				ASSETCATALOG_COMPILER_APPICON_NAME = AppIcon;
				ASSETCATALOG_COMPILER_GLOBAL_ACCENT_COLOR_NAME = AccentColor;
				CODE_SIGN_STYLE = Automatic;
				CURRENT_PROJECT_VERSION = 1;
				DEVELOPMENT_TEAM = 9ZFQ37XS3D;
				GENERATE_INFOPLIST_FILE = YES;
				INFOPLIST_FILE = "Hotel Mazana/Info.plist";
				INFOPLIST_KEY_UIApplicationSupportsIndirectInputEvents = YES;
				INFOPLIST_KEY_UILaunchStoryboardName = LaunchScreen;
				INFOPLIST_KEY_UIMainStoryboardFile = Main;
				INFOPLIST_KEY_UISupportedInterfaceOrientations_iPad = "UIInterfaceOrientationPortrait UIInterfaceOrientationPortraitUpsideDown UIInterfaceOrientationLandscapeLeft UIInterfaceOrientationLandscapeRight";
				INFOPLIST_KEY_UISupportedInterfaceOrientations_iPhone = "UIInterfaceOrientationPortrait UIInterfaceOrientationLandscapeLeft UIInterfaceOrientationLandscapeRight";
				LD_RUNPATH_SEARCH_PATHS = (
					"$(inherited)",
					"@executable_path/Frameworks",
				);
				MARKETING_VERSION = 1.0;
				PRODUCT_BUNDLE_IDENTIFIER = "Practice.Hotel-Mazana";
				PRODUCT_NAME = "$(TARGET_NAME)";
				SWIFT_EMIT_LOC_STRINGS = YES;
				SWIFT_VERSION = 5.0;
				TARGETED_DEVICE_FAMILY = "1,2";
			};
			name = Debug;
		};
		1801CF782940C7ED007F257B /* Release */ = {
			isa = XCBuildConfiguration;
			buildSettings = {
				ASSETCATALOG_COMPILER_APPICON_NAME = AppIcon;
				ASSETCATALOG_COMPILER_GLOBAL_ACCENT_COLOR_NAME = AccentColor;
				CODE_SIGN_STYLE = Automatic;
				CURRENT_PROJECT_VERSION = 1;
				DEVELOPMENT_TEAM = 9ZFQ37XS3D;
				GENERATE_INFOPLIST_FILE = YES;
				INFOPLIST_FILE = "Hotel Mazana/Info.plist";
				INFOPLIST_KEY_UIApplicationSupportsIndirectInputEvents = YES;
				INFOPLIST_KEY_UILaunchStoryboardName = LaunchScreen;
				INFOPLIST_KEY_UIMainStoryboardFile = Main;
				INFOPLIST_KEY_UISupportedInterfaceOrientations_iPad = "UIInterfaceOrientationPortrait UIInterfaceOrientationPortraitUpsideDown UIInterfaceOrientationLandscapeLeft UIInterfaceOrientationLandscapeRight";
				INFOPLIST_KEY_UISupportedInterfaceOrientations_iPhone = "UIInterfaceOrientationPortrait UIInterfaceOrientationLandscapeLeft UIInterfaceOrientationLandscapeRight";
				LD_RUNPATH_SEARCH_PATHS = (
					"$(inherited)",
					"@executable_path/Frameworks",
				);
				MARKETING_VERSION = 1.0;
				PRODUCT_BUNDLE_IDENTIFIER = "Practice.Hotel-Mazana";
				PRODUCT_NAME = "$(TARGET_NAME)";
				SWIFT_EMIT_LOC_STRINGS = YES;
				SWIFT_VERSION = 5.0;
				TARGETED_DEVICE_FAMILY = "1,2";
			};
			name = Release;
		};
/* End XCBuildConfiguration section */

/* Begin XCConfigurationList section */
		1801CF5D2940C7EC007F257B /* Build configuration list for PBXProject "Hotel Mazana" */ = {
			isa = XCConfigurationList;
			buildConfigurations = (
				1801CF742940C7ED007F257B /* Debug */,
				1801CF752940C7ED007F257B /* Release */,
			);
			defaultConfigurationIsVisible = 0;
			defaultConfigurationName = Release;
		};
		1801CF762940C7ED007F257B /* Build configuration list for PBXNativeTarget "Hotel Mazana" */ = {
			isa = XCConfigurationList;
			buildConfigurations = (
				1801CF772940C7ED007F257B /* Debug */,
				1801CF782940C7ED007F257B /* Release */,
			);
			defaultConfigurationIsVisible = 0;
			defaultConfigurationName = Release;
		};
/* End XCConfigurationList section */
	};
	rootObject = 1801CF5A2940C7EC007F257B /* Project object */;
}
